
Microsoft Visual Studio Solution File, Format Version 12.00
# Visual Studio Version 16
VisualStudioVersion = 16.0.29920.165
MinimumVisualStudioVersion = 10.0.40219.1
Project("{FAE04EC0-301F-11D3-BF4B-00C04F79EFBC}") = "iSchool", "iSchool\iSchool.csproj", "{DFF00070-6486-45FB-8D19-20B907EE4266}"
EndProject
Global
	GlobalSection(SolutionConfigurationPlatforms) = preSolution
		Debug|Any CPU = Debug|Any CPU
		Release|Any CPU = Release|Any CPU
	EndGlobalSection
	GlobalSection(ProjectConfigurationPlatforms) = postSolution
		{DFF00070-6486-45FB-8D19-20B907EE4266}.Debug|Any CPU.ActiveCfg = Debug|Any CPU
		{DFF00070-6486-45FB-8D19-20B907EE4266}.Debug|Any CPU.Build.0 = Debug|Any CPU
		{DFF00070-6486-45FB-8D19-20B907EE4266}.Release|Any CPU.ActiveCfg = Release|Any CPU
		{DFF00070-6486-45FB-8D19-20B907EE4266}.Release|Any CPU.Build.0 = Release|Any CPU
	EndGlobalSection
	GlobalSection(SolutionProperties) = preSolution
		HideSolutionNode = FALSE
	EndGlobalSection
	GlobalSection(ExtensibilityGlobals) = postSolution
		SolutionGuid = {BBF0A612-2BB0-4B0E-8D63-643936C13F4A}
	EndGlobalSection
EndGlobal
